{
  "name": "clean-utils",
  "version": "0.0.1",
  "lockfileVersion": 2,
  "requires": true,
  "packages": {
    "": {
      "name": "clean-utils",
      "version": "0.0.1",
      "license": "ISC",
      "dependencies": {
        "@thi.ng/checks": "^3.2.1",
        "json-to-graphql-query": "^2.2.4"
      }
    },
    "node_modules/@thi.ng/checks": {
      "version": "3.2.1",
      "resolved": "https://registry.npmjs.org/@thi.ng/checks/-/checks-3.2.1.tgz",
      "integrity": "sha512-ZvFELezrUd7P12NAp0/2pegZBhDpNO8tJ7GyaNvhpj4uCOXS3EDxvJ1qHyXnUg7CZ6lc7x/LreMqJnFIljhk8A==",
      "funding": [
        {
          "type": "github",
          "url": "https://github.com/sponsors/postspectacular"
        },
        {
          "type": "patreon",
          "url": "https://patreon.com/thing_umbrella"
        }
      ],
      "dependencies": {
        "tslib": "^2.4.0"
      },
      "engines": {
        "node": ">=12.7"
      }
    },
    "node_modules/json-to-graphql-query": {
      "version": "2.2.4",
      "resolved": "https://registry.npmjs.org/json-to-graphql-query/-/json-to-graphql-query-2.2.4.tgz",
      "integrity": "sha512-vNvsOKDSlEqYCzejI1xHS9Hm738dSnG4Upy09LUGqyybZXSIIb7NydDphB/6WxW2EEVpPU4JeU/Yo63Nw9dEJg=="
    },
    "node_modules/tslib": {
      "version": "2.4.0",
      "resolved": "https://registry.npmjs.org/tslib/-/tslib-2.4.0.tgz",
      "integrity": "sha512-d6xOpEDfsi2CZVlPQzGeux8XMwLT9hssAsaPYExaQMuYskwb+x1x7J371tWlbBdWHroy99KnVB6qIkUbs5X3UQ=="
    }
  },
  "dependencies": {
    "@thi.ng/checks": {
      "version": "3.2.1",
      "resolved": "https://registry.npmjs.org/@thi.ng/checks/-/checks-3.2.1.tgz",
      "integrity": "sha512-ZvFELezrUd7P12NAp0/2pegZBhDpNO8tJ7GyaNvhpj4uCOXS3EDxvJ1qHyXnUg7CZ6lc7x/LreMqJnFIljhk8A==",
      "requires": {
        "tslib": "^2.4.0"
      }
    },
    "json-to-graphql-query": {
      "version": "2.2.4",
      "resolved": "https://registry.npmjs.org/json-to-graphql-query/-/json-to-graphql-query-2.2.4.tgz",
      "integrity": "sha512-vNvsOKDSlEqYCzejI1xHS9Hm738dSnG4Upy09LUGqyybZXSIIb7NydDphB/6WxW2EEVpPU4JeU/Yo63Nw9dEJg=="
    },
    "tslib": {
      "version": "2.4.0",
      "resolved": "https://registry.npmjs.org/tslib/-/tslib-2.4.0.tgz",
      "integrity": "sha512-d6xOpEDfsi2CZVlPQzGeux8XMwLT9hssAsaPYExaQMuYskwb+x1x7J371tWlbBdWHroy99KnVB6qIkUbs5X3UQ=="
    }
  }
}
